
Microsoft Visual Studio Solution File, Format Version 12.00
# Visual Studio Version 16
VisualStudioVersion = 16.0.31624.102
MinimumVisualStudioVersion = 10.0.40219.1
Project("{FAE04EC0-301F-11D3-BF4B-00C04F79EFBC}") = "TestGit", "TestGit\TestGit.csproj", "{ED6D4C01-9F8A-44C7-AA44-2DF36810BBFC}"
EndProject
Global
	GlobalSection(SolutionConfigurationPlatforms) = preSolution
		Debug|Any CPU = Debug|Any CPU
		Release|Any CPU = Release|Any CPU
	EndGlobalSection
	GlobalSection(ProjectConfigurationPlatforms) = postSolution
		{ED6D4C01-9F8A-44C7-AA44-2DF36810BBFC}.Debug|Any CPU.ActiveCfg = Debug|Any CPU
		{ED6D4C01-9F8A-44C7-AA44-2DF36810BBFC}.Debug|Any CPU.Build.0 = Debug|Any CPU
		{ED6D4C01-9F8A-44C7-AA44-2DF36810BBFC}.Release|Any CPU.ActiveCfg = Release|Any CPU
		{ED6D4C01-9F8A-44C7-AA44-2DF36810BBFC}.Release|Any CPU.Build.0 = Release|Any CPU
	EndGlobalSection
	GlobalSection(SolutionProperties) = preSolution
		HideSolutionNode = FALSE
	EndGlobalSection
	GlobalSection(ExtensibilityGlobals) = postSolution
		SolutionGuid = {09AFA9F6-A8CA-4FAA-B27C-A4EB29CE2DCB}
	EndGlobalSection
EndGlobal
